{
  "name": "certify2",
  "lockfileVersion": 3,
  "requires": true,
  "packages": {
    "": {
      "dependencies": {
        "@lapo/asn1js": "^1.2.4"
      }
    },
    "node_modules/@lapo/asn1js": {
      "version": "1.2.4",
      "resolved": "https://registry.npmjs.org/@lapo/asn1js/-/asn1js-1.2.4.tgz",
      "integrity": "sha512-mdInpQZaYUWu5QbKIB2+Vd+j6Y7cc6xQYNwYBPC9jri2rwy3tbxom0IhhT4G5WOKWO7Iht10SxYpKq+AfuH6dw=="
    }
  }
}
